
Microsoft Visual Studio Solution File, Format Version 12.00
Project("{FAE04EC0-301F-11D3-BF4B-00C04F79EFBC}") = "Úkol03", "IS-Programy\Úkol03\Úkol03.csproj", "{998D51FB-2371-483D-B9E3-155DCF366807}"
EndProject
Project("{FAE04EC0-301F-11D3-BF4B-00C04F79EFBC}") = "Úkol04a", "IS-Programy\Úkol04a\Úkol04a.csproj", "{576E8C1F-9E0A-4C13-83C3-4CB6A06508BB}"
EndProject
Project("{FAE04EC0-301F-11D3-BF4B-00C04F79EFBC}") = "Úkol04b", "IS-Programy\Úkol04b\Úkol04b.csproj", "{0D46FB64-D0EB-44AE-A6EE-5C1FB714B181}"
EndProject
Project("{FAE04EC0-301F-11D3-BF4B-00C04F79EFBC}") = "Úkol05", "IS-Programy\Úkol05\Úkol05.csproj", "{C17347C3-6C26-49A8-ACF6-4916D982F369}"
EndProject
Project("{FAE04EC0-301F-11D3-BF4B-00C04F79EFBC}") = "program002a-soucet-cifer", "IS-Programy\program002a-soucet-cifer\program002a-soucet-cifer.csproj", "{0AAEAE21-8025-461C-BEC3-9A88534F5EAF}"
EndProject
Project("{FAE04EC0-301F-11D3-BF4B-00C04F79EFBC}") = "Základní kod", "Základní kod\Základní kod.csproj", "{61A207BF-91B7-48AE-AEFE-733B07D69E22}"
EndProject
Project("{FAE04EC0-301F-11D3-BF4B-00C04F79EFBC}") = "program003a-serazeni-dvou-cisel", "IS-Programy\program003a-serazeni-dvou-cisel\program003a-serazeni-dvou-cisel.csproj", "{A2DD5C7A-3A40-4114-9442-7B6FD2553FF2}"
EndProject
Project("{FAE04EC0-301F-11D3-BF4B-00C04F79EFBC}") = "program003b-nejvetsi-ze-tri-cisel", "program003b-nejvetsi-ze-tri-cisel\program003b-nejvetsi-ze-tri-cisel.csproj", "{D715DE1E-3766-4987-B7D2-BA6014ADAEB2}"
EndProject
Project("{FAE04EC0-301F-11D3-BF4B-00C04F79EFBC}") = "program004a-obdelnik", "IS-Programy\program004a-obdelnik\program004a-obdelnik.csproj", "{9FDA341F-4DDE-4793-9355-CD9151DDEDC5}"
EndProject
Project("{FAE04EC0-301F-11D3-BF4B-00C04F79EFBC}") = "program005-generator", "IS-Programy\program005-generator\program005-generator.csproj", "{6B7024EB-EF26-48C7-8B65-FCE785D43AFC}"
EndProject
Project("{FAE04EC0-301F-11D3-BF4B-00C04F79EFBC}") = "program006a-max-min", "program006a-max-min\program006a-max-min.csproj", "{21C1598C-E91F-4AA4-8605-A029A047F432}"
EndProject
Project("{FAE04EC0-301F-11D3-BF4B-00C04F79EFBC}") = "program007a-bubble-sort", "IS-Programy\program007a-bubble-sort\program007a-bubble-sort.csproj", "{C5C61F9E-DB77-4F32-8E41-D9AAF6FEEF68}"
EndProject
Project("{FAE04EC0-301F-11D3-BF4B-00C04F79EFBC}") = "program007b-bubble-sort-obrazec", "IS-Programy\program007b-bubble-sort-obrazec\program007b-bubble-sort-obrazec.csproj", "{C356959F-BD1F-4917-A5DA-2BFACF2C0038}"
EndProject
Project("{FAE04EC0-301F-11D3-BF4B-00C04F79EFBC}") = "program008-array-reversing", "IS-Programy\program008-array-reversing\program008-array-reversing.csproj", "{79CA3B45-BBCB-4146-AA23-D0AB97E0BF7E}"
EndProject
Project("{FAE04EC0-301F-11D3-BF4B-00C04F79EFBC}") = "program009a-10to2", "IS-Programy\program009a-10to2\program009a-10to2.csproj", "{C3DA81C3-95D0-45EA-8259-58146A607E37}"
EndProject
Project("{FAE04EC0-301F-11D3-BF4B-00C04F79EFBC}") = "program009b-10toK", "IS-Programy\program009b-10toK\program009b-10toK.csproj", "{22DE1DB7-64BC-4B91-8AFE-D24F7E9C8379}"
EndProject
Project("{FAE04EC0-301F-11D3-BF4B-00C04F79EFBC}") = "program010a-domecek", "IS-Programy\program010a-domecek\program010a-domecek.csproj", "{6E95F1A9-2FBC-4648-B3EB-57CC9BDF2EAB}"
EndProject
Project("{FAE04EC0-301F-11D3-BF4B-00C04F79EFBC}") = "program010b-sipka", "IS-Programy\program010b-sipka\program010b-sipka.csproj", "{B3A029A6-1CB2-4EAE-85A8-0138D173255A}"
EndProject
Project("{FAE04EC0-301F-11D3-BF4B-00C04F79EFBC}") = "program011a-vypocet-pi", "IS-Programy\program011a-vypocet-pi\program011a-vypocet-pi.csproj", "{83B10E69-EF4C-4525-99DC-FB7AC04AE1FE}"
EndProject
Project("{FAE04EC0-301F-11D3-BF4B-00C04F79EFBC}") = "program012a-intervaly", "IS-Programy\program012a-intervaly\program012a-intervaly.csproj", "{FDF4C3B6-2619-496B-8067-798A98E33BAF}"
EndProject
Project("{FAE04EC0-301F-11D3-BF4B-00C04F79EFBC}") = "program013a-NSD-NSN", "IS-Programy\program013a-NSD-NSN\program013a-NSD-NSN.csproj", "{EE27FBF0-65E5-408A-8D81-52CC723ADF17}"
EndProject
Project("{FAE04EC0-301F-11D3-BF4B-00C04F79EFBC}") = "program014a-kombinovana-uloha", "IS-Programy\program014a-kombinovana-uloha\program014a-kombinovana-uloha.csproj", "{AD2EFD66-FD41-428A-B204-9DFD92D90D00}"
EndProject
Project("{FAE04EC0-301F-11D3-BF4B-00C04F79EFBC}") = "program013a-NSD-NSN-druha-varianta", "IS-Programy\program013a-NSD-NSN-druha-varianta\program013a-NSD-NSN-druha-varianta.csproj", "{7F27A6C2-4A04-4AF3-AF64-0A17628A0C9F}"
EndProject
Project("{FAE04EC0-301F-11D3-BF4B-00C04F79EFBC}") = "program004b-pravouhly-trojuhelnik", "IS-Programy\program004b-pravouhly-trojuhelnik\program004b-pravouhly-trojuhelnik.csproj", "{27B5974D-7E15-43B0-BFBA-E1ACD749DBE2}"
EndProject
Project("{FAE04EC0-301F-11D3-BF4B-00C04F79EFBC}") = "program004c-pismeno-z", "IS-Programy\program004c-pismeno-z\program004c-pismeno-z.csproj", "{AE2145BC-86C2-488B-A7C1-B0B1A18E00DE}"
EndProject
Project("{FAE04EC0-301F-11D3-BF4B-00C04F79EFBC}") = "program004d-druhy-obrazec", "IS-Programy\program004d-druhy-obrazec\program004d-druhy-obrazec.csproj", "{C72D0BBB-B6D6-47F4-B331-31B9DB83C705}"
EndProject
Project("{FAE04EC0-301F-11D3-BF4B-00C04F79EFBC}") = "program004e-treti-obrazec", "IS-Programy\program004e-treti-obrazec\program004e-treti-obrazec.csproj", "{2BA0A4DE-587C-4F2D-A2F2-3D49133FDD86}"
EndProject
Global
	GlobalSection(SolutionConfigurationPlatforms) = preSolution
		Debug|Any CPU = Debug|Any CPU
		Release|Any CPU = Release|Any CPU
	EndGlobalSection
	GlobalSection(ProjectConfigurationPlatforms) = postSolution
		{998D51FB-2371-483D-B9E3-155DCF366807}.Debug|Any CPU.ActiveCfg = Debug|Any CPU
		{998D51FB-2371-483D-B9E3-155DCF366807}.Debug|Any CPU.Build.0 = Debug|Any CPU
		{998D51FB-2371-483D-B9E3-155DCF366807}.Release|Any CPU.ActiveCfg = Release|Any CPU
		{998D51FB-2371-483D-B9E3-155DCF366807}.Release|Any CPU.Build.0 = Release|Any CPU
		{576E8C1F-9E0A-4C13-83C3-4CB6A06508BB}.Debug|Any CPU.ActiveCfg = Debug|Any CPU
		{576E8C1F-9E0A-4C13-83C3-4CB6A06508BB}.Debug|Any CPU.Build.0 = Debug|Any CPU
		{576E8C1F-9E0A-4C13-83C3-4CB6A06508BB}.Release|Any CPU.ActiveCfg = Release|Any CPU
		{576E8C1F-9E0A-4C13-83C3-4CB6A06508BB}.Release|Any CPU.Build.0 = Release|Any CPU
		{0D46FB64-D0EB-44AE-A6EE-5C1FB714B181}.Debug|Any CPU.ActiveCfg = Debug|Any CPU
		{0D46FB64-D0EB-44AE-A6EE-5C1FB714B181}.Debug|Any CPU.Build.0 = Debug|Any CPU
		{0D46FB64-D0EB-44AE-A6EE-5C1FB714B181}.Release|Any CPU.ActiveCfg = Release|Any CPU
		{0D46FB64-D0EB-44AE-A6EE-5C1FB714B181}.Release|Any CPU.Build.0 = Release|Any CPU
		{C17347C3-6C26-49A8-ACF6-4916D982F369}.Debug|Any CPU.ActiveCfg = Debug|Any CPU
		{C17347C3-6C26-49A8-ACF6-4916D982F369}.Debug|Any CPU.Build.0 = Debug|Any CPU
		{C17347C3-6C26-49A8-ACF6-4916D982F369}.Release|Any CPU.ActiveCfg = Release|Any CPU
		{C17347C3-6C26-49A8-ACF6-4916D982F369}.Release|Any CPU.Build.0 = Release|Any CPU
		{0AAEAE21-8025-461C-BEC3-9A88534F5EAF}.Debug|Any CPU.ActiveCfg = Debug|Any CPU
		{0AAEAE21-8025-461C-BEC3-9A88534F5EAF}.Debug|Any CPU.Build.0 = Debug|Any CPU
		{0AAEAE21-8025-461C-BEC3-9A88534F5EAF}.Release|Any CPU.ActiveCfg = Release|Any CPU
		{0AAEAE21-8025-461C-BEC3-9A88534F5EAF}.Release|Any CPU.Build.0 = Release|Any CPU
		{61A207BF-91B7-48AE-AEFE-733B07D69E22}.Debug|Any CPU.ActiveCfg = Debug|Any CPU
		{61A207BF-91B7-48AE-AEFE-733B07D69E22}.Debug|Any CPU.Build.0 = Debug|Any CPU
		{61A207BF-91B7-48AE-AEFE-733B07D69E22}.Release|Any CPU.ActiveCfg = Release|Any CPU
		{61A207BF-91B7-48AE-AEFE-733B07D69E22}.Release|Any CPU.Build.0 = Release|Any CPU
		{A2DD5C7A-3A40-4114-9442-7B6FD2553FF2}.Debug|Any CPU.ActiveCfg = Debug|Any CPU
		{A2DD5C7A-3A40-4114-9442-7B6FD2553FF2}.Debug|Any CPU.Build.0 = Debug|Any CPU
		{A2DD5C7A-3A40-4114-9442-7B6FD2553FF2}.Release|Any CPU.ActiveCfg = Release|Any CPU
		{A2DD5C7A-3A40-4114-9442-7B6FD2553FF2}.Release|Any CPU.Build.0 = Release|Any CPU
		{D715DE1E-3766-4987-B7D2-BA6014ADAEB2}.Debug|Any CPU.ActiveCfg = Debug|Any CPU
		{D715DE1E-3766-4987-B7D2-BA6014ADAEB2}.Debug|Any CPU.Build.0 = Debug|Any CPU
		{D715DE1E-3766-4987-B7D2-BA6014ADAEB2}.Release|Any CPU.ActiveCfg = Release|Any CPU
		{D715DE1E-3766-4987-B7D2-BA6014ADAEB2}.Release|Any CPU.Build.0 = Release|Any CPU
		{9FDA341F-4DDE-4793-9355-CD9151DDEDC5}.Debug|Any CPU.ActiveCfg = Debug|Any CPU
		{9FDA341F-4DDE-4793-9355-CD9151DDEDC5}.Debug|Any CPU.Build.0 = Debug|Any CPU
		{9FDA341F-4DDE-4793-9355-CD9151DDEDC5}.Release|Any CPU.ActiveCfg = Release|Any CPU
		{9FDA341F-4DDE-4793-9355-CD9151DDEDC5}.Release|Any CPU.Build.0 = Release|Any CPU
		{6B7024EB-EF26-48C7-8B65-FCE785D43AFC}.Debug|Any CPU.ActiveCfg = Debug|Any CPU
		{6B7024EB-EF26-48C7-8B65-FCE785D43AFC}.Debug|Any CPU.Build.0 = Debug|Any CPU
		{6B7024EB-EF26-48C7-8B65-FCE785D43AFC}.Release|Any CPU.ActiveCfg = Release|Any CPU
		{6B7024EB-EF26-48C7-8B65-FCE785D43AFC}.Release|Any CPU.Build.0 = Release|Any CPU
		{21C1598C-E91F-4AA4-8605-A029A047F432}.Debug|Any CPU.ActiveCfg = Debug|Any CPU
		{21C1598C-E91F-4AA4-8605-A029A047F432}.Debug|Any CPU.Build.0 = Debug|Any CPU
		{21C1598C-E91F-4AA4-8605-A029A047F432}.Release|Any CPU.ActiveCfg = Release|Any CPU
		{21C1598C-E91F-4AA4-8605-A029A047F432}.Release|Any CPU.Build.0 = Release|Any CPU
		{C5C61F9E-DB77-4F32-8E41-D9AAF6FEEF68}.Debug|Any CPU.ActiveCfg = Debug|Any CPU
		{C5C61F9E-DB77-4F32-8E41-D9AAF6FEEF68}.Debug|Any CPU.Build.0 = Debug|Any CPU
		{C5C61F9E-DB77-4F32-8E41-D9AAF6FEEF68}.Release|Any CPU.ActiveCfg = Release|Any CPU
		{C5C61F9E-DB77-4F32-8E41-D9AAF6FEEF68}.Release|Any CPU.Build.0 = Release|Any CPU
		{C356959F-BD1F-4917-A5DA-2BFACF2C0038}.Debug|Any CPU.ActiveCfg = Debug|Any CPU
		{C356959F-BD1F-4917-A5DA-2BFACF2C0038}.Debug|Any CPU.Build.0 = Debug|Any CPU
		{C356959F-BD1F-4917-A5DA-2BFACF2C0038}.Release|Any CPU.ActiveCfg = Release|Any CPU
		{C356959F-BD1F-4917-A5DA-2BFACF2C0038}.Release|Any CPU.Build.0 = Release|Any CPU
		{79CA3B45-BBCB-4146-AA23-D0AB97E0BF7E}.Debug|Any CPU.ActiveCfg = Debug|Any CPU
		{79CA3B45-BBCB-4146-AA23-D0AB97E0BF7E}.Debug|Any CPU.Build.0 = Debug|Any CPU
		{79CA3B45-BBCB-4146-AA23-D0AB97E0BF7E}.Release|Any CPU.ActiveCfg = Release|Any CPU
		{79CA3B45-BBCB-4146-AA23-D0AB97E0BF7E}.Release|Any CPU.Build.0 = Release|Any CPU
		{C3DA81C3-95D0-45EA-8259-58146A607E37}.Debug|Any CPU.ActiveCfg = Debug|Any CPU
		{C3DA81C3-95D0-45EA-8259-58146A607E37}.Debug|Any CPU.Build.0 = Debug|Any CPU
		{C3DA81C3-95D0-45EA-8259-58146A607E37}.Release|Any CPU.ActiveCfg = Release|Any CPU
		{C3DA81C3-95D0-45EA-8259-58146A607E37}.Release|Any CPU.Build.0 = Release|Any CPU
		{22DE1DB7-64BC-4B91-8AFE-D24F7E9C8379}.Debug|Any CPU.ActiveCfg = Debug|Any CPU
		{22DE1DB7-64BC-4B91-8AFE-D24F7E9C8379}.Debug|Any CPU.Build.0 = Debug|Any CPU
		{22DE1DB7-64BC-4B91-8AFE-D24F7E9C8379}.Release|Any CPU.ActiveCfg = Release|Any CPU
		{22DE1DB7-64BC-4B91-8AFE-D24F7E9C8379}.Release|Any CPU.Build.0 = Release|Any CPU
		{6E95F1A9-2FBC-4648-B3EB-57CC9BDF2EAB}.Debug|Any CPU.ActiveCfg = Debug|Any CPU
		{6E95F1A9-2FBC-4648-B3EB-57CC9BDF2EAB}.Debug|Any CPU.Build.0 = Debug|Any CPU
		{6E95F1A9-2FBC-4648-B3EB-57CC9BDF2EAB}.Release|Any CPU.ActiveCfg = Release|Any CPU
		{6E95F1A9-2FBC-4648-B3EB-57CC9BDF2EAB}.Release|Any CPU.Build.0 = Release|Any CPU
		{B3A029A6-1CB2-4EAE-85A8-0138D173255A}.Debug|Any CPU.ActiveCfg = Debug|Any CPU
		{B3A029A6-1CB2-4EAE-85A8-0138D173255A}.Debug|Any CPU.Build.0 = Debug|Any CPU
		{B3A029A6-1CB2-4EAE-85A8-0138D173255A}.Release|Any CPU.ActiveCfg = Release|Any CPU
		{B3A029A6-1CB2-4EAE-85A8-0138D173255A}.Release|Any CPU.Build.0 = Release|Any CPU
		{83B10E69-EF4C-4525-99DC-FB7AC04AE1FE}.Debug|Any CPU.ActiveCfg = Debug|Any CPU
		{83B10E69-EF4C-4525-99DC-FB7AC04AE1FE}.Debug|Any CPU.Build.0 = Debug|Any CPU
		{83B10E69-EF4C-4525-99DC-FB7AC04AE1FE}.Release|Any CPU.ActiveCfg = Release|Any CPU
		{83B10E69-EF4C-4525-99DC-FB7AC04AE1FE}.Release|Any CPU.Build.0 = Release|Any CPU
		{FDF4C3B6-2619-496B-8067-798A98E33BAF}.Debug|Any CPU.ActiveCfg = Debug|Any CPU
		{FDF4C3B6-2619-496B-8067-798A98E33BAF}.Debug|Any CPU.Build.0 = Debug|Any CPU
		{FDF4C3B6-2619-496B-8067-798A98E33BAF}.Release|Any CPU.ActiveCfg = Release|Any CPU
		{FDF4C3B6-2619-496B-8067-798A98E33BAF}.Release|Any CPU.Build.0 = Release|Any CPU
		{EE27FBF0-65E5-408A-8D81-52CC723ADF17}.Debug|Any CPU.ActiveCfg = Debug|Any CPU
		{EE27FBF0-65E5-408A-8D81-52CC723ADF17}.Debug|Any CPU.Build.0 = Debug|Any CPU
		{EE27FBF0-65E5-408A-8D81-52CC723ADF17}.Release|Any CPU.ActiveCfg = Release|Any CPU
		{EE27FBF0-65E5-408A-8D81-52CC723ADF17}.Release|Any CPU.Build.0 = Release|Any CPU
		{AD2EFD66-FD41-428A-B204-9DFD92D90D00}.Debug|Any CPU.ActiveCfg = Debug|Any CPU
		{AD2EFD66-FD41-428A-B204-9DFD92D90D00}.Debug|Any CPU.Build.0 = Debug|Any CPU
		{AD2EFD66-FD41-428A-B204-9DFD92D90D00}.Release|Any CPU.ActiveCfg = Release|Any CPU
		{AD2EFD66-FD41-428A-B204-9DFD92D90D00}.Release|Any CPU.Build.0 = Release|Any CPU
		{7F27A6C2-4A04-4AF3-AF64-0A17628A0C9F}.Debug|Any CPU.ActiveCfg = Debug|Any CPU
		{7F27A6C2-4A04-4AF3-AF64-0A17628A0C9F}.Debug|Any CPU.Build.0 = Debug|Any CPU
		{7F27A6C2-4A04-4AF3-AF64-0A17628A0C9F}.Release|Any CPU.ActiveCfg = Release|Any CPU
		{7F27A6C2-4A04-4AF3-AF64-0A17628A0C9F}.Release|Any CPU.Build.0 = Release|Any CPU
		{27B5974D-7E15-43B0-BFBA-E1ACD749DBE2}.Debug|Any CPU.ActiveCfg = Debug|Any CPU
		{27B5974D-7E15-43B0-BFBA-E1ACD749DBE2}.Debug|Any CPU.Build.0 = Debug|Any CPU
		{27B5974D-7E15-43B0-BFBA-E1ACD749DBE2}.Release|Any CPU.ActiveCfg = Release|Any CPU
		{27B5974D-7E15-43B0-BFBA-E1ACD749DBE2}.Release|Any CPU.Build.0 = Release|Any CPU
		{AE2145BC-86C2-488B-A7C1-B0B1A18E00DE}.Debug|Any CPU.ActiveCfg = Debug|Any CPU
		{AE2145BC-86C2-488B-A7C1-B0B1A18E00DE}.Debug|Any CPU.Build.0 = Debug|Any CPU
		{AE2145BC-86C2-488B-A7C1-B0B1A18E00DE}.Release|Any CPU.ActiveCfg = Release|Any CPU
		{AE2145BC-86C2-488B-A7C1-B0B1A18E00DE}.Release|Any CPU.Build.0 = Release|Any CPU
		{C72D0BBB-B6D6-47F4-B331-31B9DB83C705}.Debug|Any CPU.ActiveCfg = Debug|Any CPU
		{C72D0BBB-B6D6-47F4-B331-31B9DB83C705}.Debug|Any CPU.Build.0 = Debug|Any CPU
		{C72D0BBB-B6D6-47F4-B331-31B9DB83C705}.Release|Any CPU.ActiveCfg = Release|Any CPU
		{C72D0BBB-B6D6-47F4-B331-31B9DB83C705}.Release|Any CPU.Build.0 = Release|Any CPU
		{2BA0A4DE-587C-4F2D-A2F2-3D49133FDD86}.Debug|Any CPU.ActiveCfg = Debug|Any CPU
		{2BA0A4DE-587C-4F2D-A2F2-3D49133FDD86}.Debug|Any CPU.Build.0 = Debug|Any CPU
		{2BA0A4DE-587C-4F2D-A2F2-3D49133FDD86}.Release|Any CPU.ActiveCfg = Release|Any CPU
		{2BA0A4DE-587C-4F2D-A2F2-3D49133FDD86}.Release|Any CPU.Build.0 = Release|Any CPU
	EndGlobalSection
	GlobalSection(NestedProjects) = preSolution
	EndGlobalSection
EndGlobal
